
Microsoft Visual Studio Solution File, Format Version 12.00
# Visual Studio Version 16
VisualStudioVersion = 16.0.31205.134
MinimumVisualStudioVersion = 10.0.40219.1
Project("{FAE04EC0-301F-11D3-BF4B-00C04F79EFBC}") = "Grafs", "Grafs\Grafs.csproj", "{13213261-E9DA-4818-9C90-DE15A74EB316}"
EndProject
Global
	GlobalSection(SolutionConfigurationPlatforms) = preSolution
		Debug|Any CPU = Debug|Any CPU
		Release|Any CPU = Release|Any CPU
	EndGlobalSection
	GlobalSection(ProjectConfigurationPlatforms) = postSolution
		{13213261-E9DA-4818-9C90-DE15A74EB316}.Debug|Any CPU.ActiveCfg = Debug|Any CPU
		{13213261-E9DA-4818-9C90-DE15A74EB316}.Debug|Any CPU.Build.0 = Debug|Any CPU
		{13213261-E9DA-4818-9C90-DE15A74EB316}.Release|Any CPU.ActiveCfg = Release|Any CPU
		{13213261-E9DA-4818-9C90-DE15A74EB316}.Release|Any CPU.Build.0 = Release|Any CPU
	EndGlobalSection
	GlobalSection(SolutionProperties) = preSolution
		HideSolutionNode = FALSE
	EndGlobalSection
	GlobalSection(ExtensibilityGlobals) = postSolution
		SolutionGuid = {F5A2E03D-CE52-49AF-B485-E5FDF92E7C25}
	EndGlobalSection
EndGlobal
